// !$*UTF8*$!
{
	archiveVersion = 1;
	classes = {
	};
	objectVersion = 50;
	objects = {

/* Begin PBXBuildFile section */
		9B1BEC7C247E492E00FD6A3D /* Main.storyboard in Resources */ = {isa = PBXBuildFile; fileRef = 9B1BEC7B247E492E00FD6A3D /* Main.storyboard */; };
		9B1BEC80247E4AED00FD6A3D /* Presenter.swift in Sources */ = {isa = PBXBuildFile; fileRef = 9B1BEC7F247E4AED00FD6A3D /* Presenter.swift */; };
		9B1BEC82247E4C1100FD6A3D /* ViewController.swift in Sources */ = {isa = PBXBuildFile; fileRef = 9B1BEC81247E4C1100FD6A3D /* ViewController.swift */; };
		9BE7BE52246E4A68009CE581 /* AppDelegate.swift in Sources */ = {isa = PBXBuildFile; fileRef = 9BE7BE51246E4A68009CE581 /* AppDelegate.swift */; };
		9BE7BE54246E4A68009CE581 /* SceneDelegate.swift in Sources */ = {isa = PBXBuildFile; fileRef = 9BE7BE53246E4A68009CE581 /* SceneDelegate.swift */; };
		9BE7BE5B246E4A69009CE581 /* Assets.xcassets in Resources */ = {isa = PBXBuildFile; fileRef = 9BE7BE5A246E4A69009CE581 /* Assets.xcassets */; };
		9BE7BE5E246E4A69009CE581 /* LaunchScreen.storyboard in Resources */ = {isa = PBXBuildFile; fileRef = 9BE7BE5C246E4A69009CE581 /* LaunchScreen.storyboard */; };
		9BE7BE8A246E4D44009CE581 /* Model.swift in Sources */ = {isa = PBXBuildFile; fileRef = 9BE7BE89246E4D44009CE581 /* Model.swift */; };
		9BE7BE8E246E4F79009CE581 /* Person.plist in Resources */ = {isa = PBXBuildFile; fileRef = 9BE7BE8D246E4F79009CE581 /* Person.plist */; };
/* End PBXBuildFile section */

/* Begin PBXFileReference section */
		9B1BEC7B247E492E00FD6A3D /* Main.storyboard */ = {isa = PBXFileReference; lastKnownFileType = file.storyboard; path = Main.storyboard; sourceTree = "<group>"; };
		9B1BEC7F247E4AED00FD6A3D /* Presenter.swift */ = {isa = PBXFileReference; lastKnownFileType = sourcecode.swift; path = Presenter.swift; sourceTree = "<group>"; };
		9B1BEC81247E4C1100FD6A3D /* ViewController.swift */ = {isa = PBXFileReference; lastKnownFileType = sourcecode.swift; path = ViewController.swift; sourceTree = "<group>"; };
		9BE7BE4E246E4A68009CE581 /* MVP.app */ = {isa = PBXFileReference; explicitFileType = wrapper.application; includeInIndex = 0; path = MVP.app; sourceTree = BUILT_PRODUCTS_DIR; };
		9BE7BE51246E4A68009CE581 /* AppDelegate.swift */ = {isa = PBXFileReference; lastKnownFileType = sourcecode.swift; path = AppDelegate.swift; sourceTree = "<group>"; };
		9BE7BE53246E4A68009CE581 /* SceneDelegate.swift */ = {isa = PBXFileReference; lastKnownFileType = sourcecode.swift; path = SceneDelegate.swift; sourceTree = "<group>"; };
		9BE7BE5A246E4A69009CE581 /* Assets.xcassets */ = {isa = PBXFileReference; lastKnownFileType = folder.assetcatalog; path = Assets.xcassets; sourceTree = "<group>"; };
		9BE7BE5D246E4A69009CE581 /* Base */ = {isa = PBXFileReference; lastKnownFileType = file.storyboard; name = Base; path = Base.lproj/LaunchScreen.storyboard; sourceTree = "<group>"; };
		9BE7BE5F246E4A69009CE581 /* Info.plist */ = {isa = PBXFileReference; lastKnownFileType = text.plist.xml; path = Info.plist; sourceTree = "<group>"; };
		9BE7BE89246E4D44009CE581 /* Model.swift */ = {isa = PBXFileReference; lastKnownFileType = sourcecode.swift; path = Model.swift; sourceTree = "<group>"; };
		9BE7BE8D246E4F79009CE581 /* Person.plist */ = {isa = PBXFileReference; lastKnownFileType = text.plist.xml; path = Person.plist; sourceTree = "<group>"; };
/* End PBXFileReference section */

/* Begin PBXFrameworksBuildPhase section */
		9BE7BE4B246E4A68009CE581 /* Frameworks */ = {
			isa = PBXFrameworksBuildPhase;
			buildActionMask = 2147483647;
			files = (
			);
			runOnlyForDeploymentPostprocessing = 0;
		};
/* End PBXFrameworksBuildPhase section */

/* Begin PBXGroup section */
		9BE7BE45246E4A68009CE581 = {
			isa = PBXGroup;
			children = (
				9BE7BE50246E4A68009CE581 /* MVP */,
				9BE7BE4F246E4A68009CE581 /* Products */,
			);
			sourceTree = "<group>";
		};
		9BE7BE4F246E4A68009CE581 /* Products */ = {
			isa = PBXGroup;
			children = (
				9BE7BE4E246E4A68009CE581 /* MVP.app */,
			);
			name = Products;
			sourceTree = "<group>";
		};
		9BE7BE50246E4A68009CE581 /* MVP */ = {
			isa = PBXGroup;
			children = (
				9BE7BE89246E4D44009CE581 /* Model.swift */,
				9B1BEC7F247E4AED00FD6A3D /* Presenter.swift */,
				9B1BEC81247E4C1100FD6A3D /* ViewController.swift */,
				9BE7BE51246E4A68009CE581 /* AppDelegate.swift */,
				9BE7BE53246E4A68009CE581 /* SceneDelegate.swift */,
				9B1BEC7B247E492E00FD6A3D /* Main.storyboard */,
				9BE7BE5A246E4A69009CE581 /* Assets.xcassets */,
				9BE7BE5C246E4A69009CE581 /* LaunchScreen.storyboard */,
				9BE7BE5F246E4A69009CE581 /* Info.plist */,
				9BE7BE8D246E4F79009CE581 /* Person.plist */,
			);
			path = MVP;
			sourceTree = "<group>";
		};
/* End PBXGroup section */

/* Begin PBXNativeTarget section */
		9BE7BE4D246E4A68009CE581 /* MVP */ = {
			isa = PBXNativeTarget;
			buildConfigurationList = 9BE7BE62246E4A69009CE581 /* Build configuration list for PBXNativeTarget "MVP" */;
			buildPhases = (
				9BE7BE4A246E4A68009CE581 /* Sources */,
				9BE7BE4B246E4A68009CE581 /* Frameworks */,
				9BE7BE4C246E4A68009CE581 /* Resources */,
			);
			buildRules = (
			);
			dependencies = (
			);
			name = MVP;
			productName = MVP;
			productReference = 9BE7BE4E246E4A68009CE581 /* MVP.app */;
			productType = "com.apple.product-type.application";
		};
/* End PBXNativeTarget section */

/* Begin PBXProject section */
		9BE7BE46246E4A68009CE581 /* Project object */ = {
			isa = PBXProject;
			attributes = {
				LastSwiftUpdateCheck = 1140;
				LastUpgradeCheck = 1140;
				ORGANIZATIONNAME = Znfod;
				TargetAttributes = {
					9BE7BE4D246E4A68009CE581 = {
						CreatedOnToolsVersion = 11.4.1;
					};
				};
			};
			buildConfigurationList = 9BE7BE49246E4A68009CE581 /* Build configuration list for PBXProject "MVP" */;
			compatibilityVersion = "Xcode 9.3";
			developmentRegion = en;
			hasScannedForEncodings = 0;
			knownRegions = (
				en,
				Base,
			);
			mainGroup = 9BE7BE45246E4A68009CE581;
			productRefGroup = 9BE7BE4F246E4A68009CE581 /* Products */;
			projectDirPath = "";
			projectRoot = "";
			targets = (
				9BE7BE4D246E4A68009CE581 /* MVP */,
			);
		};
/* End PBXProject section */

/* Begin PBXResourcesBuildPhase section */
		9BE7BE4C246E4A68009CE581 /* Resources */ = {
			isa = PBXResourcesBuildPhase;
			buildActionMask = 2147483647;
			files = (
				9BE7BE5E246E4A69009CE581 /* LaunchScreen.storyboard in Resources */,
				9BE7BE5B246E4A69009CE581 /* Assets.xcassets in Resources */,
				9BE7BE8E246E4F79009CE581 /* Person.plist in Resources */,
				9B1BEC7C247E492E00FD6A3D /* Main.storyboard in Resources */,
			);
			runOnlyForDeploymentPostprocessing = 0;
		};
/* End PBXResourcesBuildPhase section */

/* Begin PBXSourcesBuildPhase section */
		9BE7BE4A246E4A68009CE581 /* Sources */ = {
			isa = PBXSourcesBuildPhase;
			buildActionMask = 2147483647;
			files = (
				9BE7BE8A246E4D44009CE581 /* Model.swift in Sources */,
				9B1BEC80247E4AED00FD6A3D /* Presenter.swift in Sources */,
				9BE7BE52246E4A68009CE581 /* AppDelegate.swift in Sources */,
				9B1BEC82247E4C1100FD6A3D /* ViewController.swift in Sources */,
				9BE7BE54246E4A68009CE581 /* SceneDelegate.swift in Sources */,
			);
			runOnlyForDeploymentPostprocessing = 0;
		};
/* End PBXSourcesBuildPhase section */

/* Begin PBXVariantGroup section */
		9BE7BE5C246E4A69009CE581 /* LaunchScreen.storyboard */ = {
			isa = PBXVariantGroup;
			children = (
				9BE7BE5D246E4A69009CE581 /* Base */,
			);
			name = LaunchScreen.storyboard;
			sourceTree = "<group>";
		};
/* End PBXVariantGroup section */

/* Begin XCBuildConfiguration section */
		9BE7BE60246E4A69009CE581 /* Debug */ = {
			isa = XCBuildConfiguration;
			buildSettings = {
				ALWAYS_SEARCH_USER_PATHS = NO;
				CLANG_ANALYZER_NONNULL = YES;
				CLANG_ANALYZER_NUMBER_OBJECT_CONVERSION = YES_AGGRESSIVE;
				CLANG_CXX_LANGUAGE_STANDARD = "gnu++14";
				CLANG_CXX_LIBRARY = "libc++";
				CLANG_ENABLE_MODULES = YES;
				CLANG_ENABLE_OBJC_ARC = YES;
				CLANG_ENABLE_OBJC_WEAK = YES;
				CLANG_WARN_BLOCK_CAPTURE_AUTORELEASING = YES;
				CLANG_WARN_BOOL_CONVERSION = YES;
				CLANG_WARN_COMMA = YES;
				CLANG_WARN_CONSTANT_CONVERSION = YES;
				CLANG_WARN_DEPRECATED_OBJC_IMPLEMENTATIONS = YES;
				CLANG_WARN_DIRECT_OBJC_ISA_USAGE = YES_ERROR;
				CLANG_WARN_DOCUMENTATION_COMMENTS = YES;
				CLANG_WARN_EMPTY_BODY = YES;
				CLANG_WARN_ENUM_CONVERSION = YES;
				CLANG_WARN_INFINITE_RECURSION = YES;
				CLANG_WARN_INT_CONVERSION = YES;
				CLANG_WARN_NON_LITERAL_NULL_CONVERSION = YES;
				CLANG_WARN_OBJC_IMPLICIT_RETAIN_SELF = YES;
				CLANG_WARN_OBJC_LITERAL_CONVERSION = YES;
				CLANG_WARN_OBJC_ROOT_CLASS = YES_ERROR;
				CLANG_WARN_RANGE_LOOP_ANALYSIS = YES;
				CLANG_WARN_STRICT_PROTOTYPES = YES;
				CLANG_WARN_SUSPICIOUS_MOVE = YES;
				CLANG_WARN_UNGUARDED_AVAILABILITY = YES_AGGRESSIVE;
				CLANG_WARN_UNREACHABLE_CODE = YES;
				CLANG_WARN__DUPLICATE_METHOD_MATCH = YES;
				COPY_PHASE_STRIP = NO;
				DEBUG_INFORMATION_FORMAT = dwarf;
				ENABLE_STRICT_OBJC_MSGSEND = YES;
				ENABLE_TESTABILITY = YES;
				GCC_C_LANGUAGE_STANDARD = gnu11;
				GCC_DYNAMIC_NO_PIC = NO;
				GCC_NO_COMMON_BLOCKS = YES;
				GCC_OPTIMIZATION_LEVEL = 0;
				GCC_PREPROCESSOR_DEFINITIONS = (
					"DEBUG=1",
					"$(inherited)",
				);
				GCC_WARN_64_TO_32_BIT_CONVERSION = YES;
				GCC_WARN_ABOUT_RETURN_TYPE = YES_ERROR;
				GCC_WARN_UNDECLARED_SELECTOR = YES;
				GCC_WARN_UNINITIALIZED_AUTOS = YES_AGGRESSIVE;
				GCC_WARN_UNUSED_FUNCTION = YES;
				GCC_WARN_UNUSED_VARIABLE = YES;
				IPHONEOS_DEPLOYMENT_TARGET = 13.4;
				MTL_ENABLE_DEBUG_INFO = INCLUDE_SOURCE;
				MTL_FAST_MATH = YES;
				ONLY_ACTIVE_ARCH = YES;
				SDKROOT = iphoneos;
				SWIFT_ACTIVE_COMPILATION_CONDITIONS = DEBUG;
				SWIFT_OPTIMIZATION_LEVEL = "-Onone";
			};
			name = Debug;
		};
		9BE7BE61246E4A69009CE581 /* Release */ = {
			isa = XCBuildConfiguration;
			buildSettings = {
				ALWAYS_SEARCH_USER_PATHS = NO;
				CLANG_ANALYZER_NONNULL = YES;
				CLANG_ANALYZER_NUMBER_OBJECT_CONVERSION = YES_AGGRESSIVE;
				CLANG_CXX_LANGUAGE_STANDARD = "gnu++14";
				CLANG_CXX_LIBRARY = "libc++";
				CLANG_ENABLE_MODULES = YES;
				CLANG_ENABLE_OBJC_ARC = YES;
				CLANG_ENABLE_OBJC_WEAK = YES;
				CLANG_WARN_BLOCK_CAPTURE_AUTORELEASING = YES;
				CLANG_WARN_BOOL_CONVERSION = YES;
				CLANG_WARN_COMMA = YES;
				CLANG_WARN_CONSTANT_CONVERSION = YES;
				CLANG_WARN_DEPRECATED_OBJC_IMPLEMENTATIONS = YES;
				CLANG_WARN_DIRECT_OBJC_ISA_USAGE = YES_ERROR;
				CLANG_WARN_DOCUMENTATION_COMMENTS = YES;
				CLANG_WARN_EMPTY_BODY = YES;
				CLANG_WARN_ENUM_CONVERSION = YES;
				CLANG_WARN_INFINITE_RECURSION = YES;
				CLANG_WARN_INT_CONVERSION = YES;
				CLANG_WARN_NON_LITERAL_NULL_CONVERSION = YES;
				CLANG_WARN_OBJC_IMPLICIT_RETAIN_SELF = YES;
				CLANG_WARN_OBJC_LITERAL_CONVERSION = YES;
				CLANG_WARN_OBJC_ROOT_CLASS = YES_ERROR;
				CLANG_WARN_RANGE_LOOP_ANALYSIS = YES;
				CLANG_WARN_STRICT_PROTOTYPES = YES;
				CLANG_WARN_SUSPICIOUS_MOVE = YES;
				CLANG_WARN_UNGUARDED_AVAILABILITY = YES_AGGRESSIVE;
				CLANG_WARN_UNREACHABLE_CODE = YES;
				CLANG_WARN__DUPLICATE_METHOD_MATCH = YES;
				COPY_PHASE_STRIP = NO;
				DEBUG_INFORMATION_FORMAT = "dwarf-with-dsym";
				ENABLE_NS_ASSERTIONS = NO;
				ENABLE_STRICT_OBJC_MSGSEND = YES;
				GCC_C_LANGUAGE_STANDARD = gnu11;
				GCC_NO_COMMON_BLOCKS = YES;
				GCC_WARN_64_TO_32_BIT_CONVERSION = YES;
				GCC_WARN_ABOUT_RETURN_TYPE = YES_ERROR;
				GCC_WARN_UNDECLARED_SELECTOR = YES;
				GCC_WARN_UNINITIALIZED_AUTOS = YES_AGGRESSIVE;
				GCC_WARN_UNUSED_FUNCTION = YES;
				GCC_WARN_UNUSED_VARIABLE = YES;
				IPHONEOS_DEPLOYMENT_TARGET = 13.4;
				MTL_ENABLE_DEBUG_INFO = NO;
				MTL_FAST_MATH = YES;
				SDKROOT = iphoneos;
				SWIFT_COMPILATION_MODE = wholemodule;
				SWIFT_OPTIMIZATION_LEVEL = "-O";
				VALIDATE_PRODUCT = YES;
			};
			name = Release;
		};
		9BE7BE63246E4A69009CE581 /* Debug */ = {
			isa = XCBuildConfiguration;
			buildSettings = {
				ASSETCATALOG_COMPILER_APPICON_NAME = AppIcon;
				CODE_SIGN_STYLE = Automatic;
				DEVELOPMENT_TEAM = U5NGQCJT39;
				INFOPLIST_FILE = MVP/Info.plist;
				LD_RUNPATH_SEARCH_PATHS = (
					"$(inherited)",
					"@executable_path/Frameworks",
				);
				PRODUCT_BUNDLE_IDENTIFIER = com.znfod.MVP;
				PRODUCT_NAME = "$(TARGET_NAME)";
				SWIFT_VERSION = 5.0;
				TARGETED_DEVICE_FAMILY = "1,2";
			};
			name = Debug;
		};
		9BE7BE64246E4A69009CE581 /* Release */ = {
			isa = XCBuildConfiguration;
			buildSettings = {
				ASSETCATALOG_COMPILER_APPICON_NAME = AppIcon;
				CODE_SIGN_STYLE = Automatic;
				DEVELOPMENT_TEAM = U5NGQCJT39;
				INFOPLIST_FILE = MVP/Info.plist;
				LD_RUNPATH_SEARCH_PATHS = (
					"$(inherited)",
					"@executable_path/Frameworks",
				);
				PRODUCT_BUNDLE_IDENTIFIER = com.znfod.MVP;
				PRODUCT_NAME = "$(TARGET_NAME)";
				SWIFT_VERSION = 5.0;
				TARGETED_DEVICE_FAMILY = "1,2";
			};
			name = Release;
		};
/* End XCBuildConfiguration section */

/* Begin XCConfigurationList section */
		9BE7BE49246E4A68009CE581 /* Build configuration list for PBXProject "MVP" */ = {
			isa = XCConfigurationList;
			buildConfigurations = (
				9BE7BE60246E4A69009CE581 /* Debug */,
				9BE7BE61246E4A69009CE581 /* Release */,
			);
			defaultConfigurationIsVisible = 0;
			defaultConfigurationName = Release;
		};
		9BE7BE62246E4A69009CE581 /* Build configuration list for PBXNativeTarget "MVP" */ = {
			isa = XCConfigurationList;
			buildConfigurations = (
				9BE7BE63246E4A69009CE581 /* Debug */,
				9BE7BE64246E4A69009CE581 /* Release */,
			);
			defaultConfigurationIsVisible = 0;
			defaultConfigurationName = Release;
		};
/* End XCConfigurationList section */
	};
	rootObject = 9BE7BE46246E4A68009CE581 /* Project object */;
}
